
Microsoft Visual Studio Solution File, Format Version 12.00
# Visual Studio Version 17
VisualStudioVersion = 17.8.34316.72
MinimumVisualStudioVersion = 10.0.40219.1
Project("{9A19103F-16F7-4668-BE54-9A1E7A4F7556}") = "JSDotnet.Web", "JSDotnet\JSDotnet.Web.csproj", "{237608D6-E00D-4F68-8628-37C021D16239}"
EndProject
Global
	GlobalSection(SolutionConfigurationPlatforms) = preSolution
		Debug|Any CPU = Debug|Any CPU
		Release|Any CPU = Release|Any CPU
	EndGlobalSection
	GlobalSection(ProjectConfigurationPlatforms) = postSolution
		{237608D6-E00D-4F68-8628-37C021D16239}.Debug|Any CPU.ActiveCfg = Debug|Any CPU
		{237608D6-E00D-4F68-8628-37C021D16239}.Debug|Any CPU.Build.0 = Debug|Any CPU
		{237608D6-E00D-4F68-8628-37C021D16239}.Release|Any CPU.ActiveCfg = Release|Any CPU
		{237608D6-E00D-4F68-8628-37C021D16239}.Release|Any CPU.Build.0 = Release|Any CPU
	EndGlobalSection
	GlobalSection(SolutionProperties) = preSolution
		HideSolutionNode = FALSE
	EndGlobalSection
	GlobalSection(ExtensibilityGlobals) = postSolution
		SolutionGuid = {A1D36E8A-B2DA-4996-BC66-A13214A3F834}
	EndGlobalSection
EndGlobal
